
Microsoft Visual Studio Solution File, Format Version 12.00
# Visual Studio Version 16
VisualStudioVersion = 16.0.30523.141
MinimumVisualStudioVersion = 10.0.40219.1
Project("{FAE04EC0-301F-11D3-BF4B-00C04F79EFBC}") = "QLBHLD.Data", "QLBHLD.Data\QLBHLD.Data.csproj", "{B77926BE-B1B4-4F0B-BEC8-E82F87EAC53E}"
EndProject
Project("{FAE04EC0-301F-11D3-BF4B-00C04F79EFBC}") = "QLBHLD.Models", "QLBHLD.Models\QLBHLD.Models.csproj", "{2B05D171-4C4B-4DB5-8CB4-0DE5C966A2A7}"
EndProject
Project("{FAE04EC0-301F-11D3-BF4B-00C04F79EFBC}") = "QLBHLD.Service", "QLBHLD.Service\QLBHLD.Service.csproj", "{0870A768-9022-4A60-BE6F-7DBC3773F4D6}"
EndProject
Project("{FAE04EC0-301F-11D3-BF4B-00C04F79EFBC}") = "QLBHLD.MVC", "QLBHLD.MVC\QLBHLD.MVC.csproj", "{7B27F790-2AEA-4B02-89CA-1FCB870C6764}"
EndProject
Project("{FAE04EC0-301F-11D3-BF4B-00C04F79EFBC}") = "QLBHLD.Common", "QLBHLD.Common\QLBHLD.Common.csproj", "{7C73E9B0-856A-41E8-B01E-5201A3CF4020}"
EndProject
Global
	GlobalSection(SolutionConfigurationPlatforms) = preSolution
		Debug|Any CPU = Debug|Any CPU
		Release|Any CPU = Release|Any CPU
	EndGlobalSection
	GlobalSection(ProjectConfigurationPlatforms) = postSolution
		{B77926BE-B1B4-4F0B-BEC8-E82F87EAC53E}.Debug|Any CPU.ActiveCfg = Debug|Any CPU
		{B77926BE-B1B4-4F0B-BEC8-E82F87EAC53E}.Debug|Any CPU.Build.0 = Debug|Any CPU
		{B77926BE-B1B4-4F0B-BEC8-E82F87EAC53E}.Release|Any CPU.ActiveCfg = Release|Any CPU
		{B77926BE-B1B4-4F0B-BEC8-E82F87EAC53E}.Release|Any CPU.Build.0 = Release|Any CPU
		{2B05D171-4C4B-4DB5-8CB4-0DE5C966A2A7}.Debug|Any CPU.ActiveCfg = Debug|Any CPU
		{2B05D171-4C4B-4DB5-8CB4-0DE5C966A2A7}.Debug|Any CPU.Build.0 = Debug|Any CPU
		{2B05D171-4C4B-4DB5-8CB4-0DE5C966A2A7}.Release|Any CPU.ActiveCfg = Release|Any CPU
		{2B05D171-4C4B-4DB5-8CB4-0DE5C966A2A7}.Release|Any CPU.Build.0 = Release|Any CPU
		{0870A768-9022-4A60-BE6F-7DBC3773F4D6}.Debug|Any CPU.ActiveCfg = Debug|Any CPU
		{0870A768-9022-4A60-BE6F-7DBC3773F4D6}.Debug|Any CPU.Build.0 = Debug|Any CPU
		{0870A768-9022-4A60-BE6F-7DBC3773F4D6}.Release|Any CPU.ActiveCfg = Release|Any CPU
		{0870A768-9022-4A60-BE6F-7DBC3773F4D6}.Release|Any CPU.Build.0 = Release|Any CPU
		{7B27F790-2AEA-4B02-89CA-1FCB870C6764}.Debug|Any CPU.ActiveCfg = Debug|Any CPU
		{7B27F790-2AEA-4B02-89CA-1FCB870C6764}.Debug|Any CPU.Build.0 = Debug|Any CPU
		{7B27F790-2AEA-4B02-89CA-1FCB870C6764}.Release|Any CPU.ActiveCfg = Release|Any CPU
		{7B27F790-2AEA-4B02-89CA-1FCB870C6764}.Release|Any CPU.Build.0 = Release|Any CPU
		{7C73E9B0-856A-41E8-B01E-5201A3CF4020}.Debug|Any CPU.ActiveCfg = Debug|Any CPU
		{7C73E9B0-856A-41E8-B01E-5201A3CF4020}.Debug|Any CPU.Build.0 = Debug|Any CPU
		{7C73E9B0-856A-41E8-B01E-5201A3CF4020}.Release|Any CPU.ActiveCfg = Release|Any CPU
		{7C73E9B0-856A-41E8-B01E-5201A3CF4020}.Release|Any CPU.Build.0 = Release|Any CPU
	EndGlobalSection
	GlobalSection(SolutionProperties) = preSolution
		HideSolutionNode = FALSE
	EndGlobalSection
	GlobalSection(ExtensibilityGlobals) = postSolution
		SolutionGuid = {6EFD1618-15DD-4872-80F3-3500306C01D9}
	EndGlobalSection
EndGlobal
